<?xml version="1.0" encoding="utf-8"?>
<Project ToolsVersion="4.0" xmlns="http://schemas.microsoft.com/developer/msbuild/2003">
  <ItemGroup>
    <Filter Include="Resource Files">
      <UniqueIdentifier>{67DA6AB6-F800-4c08-8B7A-83BB121AAD01}</UniqueIdentifier>
      <Extensions>rc;ico;cur;bmp;dlg;rc2;rct;bin;rgs;gif;jpg;jpeg;jpe;resx;tiff;tif;png;wav;mfcribbon-ms</Extensions>
    </Filter>
    <Filter Include="gl_utils">
      <UniqueIdentifier>{7f2bbe54-ba03-4e5b-be78-3fdf66395b30}</UniqueIdentifier>
    </Filter>
    <Filter Include="shaders">
      <UniqueIdentifier>{bdbe3233-f8d0-4a92-a29c-5a917bf36fc2}</UniqueIdentifier>
    </Filter>
  </ItemGroup>
  <ItemGroup>
    <ClCompile Include="app.cpp" />
    <ClCompile Include="main.cpp" />
    <ClCompile Include="gl_utils\camera.cpp">
      <Filter>gl_utils</Filter>
    </ClCompile>
    <ClCompile Include="gl_utils\gl_utils.cpp">
      <Filter>gl_utils</Filter>
    </ClCompile>
    <ClCompile Include="gl_utils\SDL_GLDebugMessageCallback.cpp">
      <Filter>gl_utils</Filter>
    </ClCompile>
    <ClCompile Include="gl_utils\spherical_camera_manipulator.cpp">
      <Filter>gl_utils</Filter>
    </ClCompile>
    <ClCompile Include="view.cpp" />
    <ClCompile Include="tile_wrapper.cpp" />
    <ClCompile Include="card_wrapper.cpp" />
    <ClCompile Include="text_renderer.cpp" />
    <ClCompile Include="builder.cpp" />
    <ClCompile Include="view_state.cpp" />
    <ClCompile Include="animation.cpp" />
  </ItemGroup>
  <ItemGroup>
    <ClInclude Include="app.h" />
    <ClInclude Include="gl_utils\camera.h">
      <Filter>gl_utils</Filter>
    </ClInclude>
    <ClInclude Include="gl_utils\gl_utils.h">
      <Filter>gl_utils</Filter>
    </ClInclude>
    <ClInclude Include="gl_utils\SDL_GLDebugMessageCallback.h">
      <Filter>gl_utils</Filter>
    </ClInclude>
    <ClInclude Include="gl_utils\spherical_camera_manipulator.h">
      <Filter>gl_utils</Filter>
    </ClInclude>
    <ClInclude Include="view.h" />
    <ClInclude Include="constants.h" />
    <ClInclude Include="tile_wrapper.h" />
    <ClInclude Include="card_wrapper.h" />
    <ClInclude Include="text_renderer.h" />
    <ClInclude Include="builder.h" />
    <ClInclude Include="view_state.h" />
    <ClInclude Include="view.fwd.h" />
    <ClInclude Include="view_state.fwd.h" />
    <ClInclude Include="animatable.h" />
    <ClInclude Include="animation.h" />
    <ClInclude Include="animation.fwd.h" />
  </ItemGroup>
  <ItemGroup>
    <None Include="shaders\skybox.frag">
      <Filter>shaders</Filter>
    </None>
    <None Include="shaders\skybox.vert">
      <Filter>shaders</Filter>
    </None>
    <None Include="shaders\lighting.frag">
      <Filter>shaders</Filter>
    </None>
    <None Include="shaders\pos_norm_tex.vert">
      <Filter>shaders</Filter>
    </None>
    <None Include="shaders\sprite_sheet.frag">
      <Filter>shaders</Filter>
    </None>
    <None Include="shaders\sprite_sheet.vert">
      <Filter>shaders</Filter>
    </None>
    <None Include="shaders\text.frag">
      <Filter>shaders</Filter>
    </None>
    <None Include="shaders\text.vert">
      <Filter>shaders</Filter>
    </None>
    <None Include="shaders\rectangle.frag">
      <Filter>shaders</Filter>
    </None>
    <None Include="shaders\rectangle.vert">
      <Filter>shaders</Filter>
    </None>
    <None Include="shaders\card.frag">
      <Filter>shaders</Filter>
    </None>
  </ItemGroup>
  <ItemGroup>
    <Image Include="assets\back.png">
      <Filter>Resource Files</Filter>
    </Image>
    <Image Include="assets\bottom.png">
      <Filter>Resource Files</Filter>
    </Image>
    <Image Include="assets\front.png">
      <Filter>Resource Files</Filter>
    </Image>
    <Image Include="assets\left.png">
      <Filter>Resource Files</Filter>
    </Image>
    <Image Include="assets\right.png">
      <Filter>Resource Files</Filter>
    </Image>
    <Image Include="assets\top.png">
      <Filter>Resource Files</Filter>
    </Image>
    <Image Include="assets\cards.png">
      <Filter>Resource Files</Filter>
    </Image>
    <Image Include="assets\button.png">
      <Filter>Resource Files</Filter>
    </Image>
    <Image Include="assets\card_cover.png">
      <Filter>Resource Files</Filter>
    </Image>
    <Image Include="assets\ocean.png">
      <Filter>Resource Files</Filter>
    </Image>
    <Image Include="assets\oxygen.png">
      <Filter>Resource Files</Filter>
    </Image>
    <Image Include="assets\production_box.png">
      <Filter>Resource Files</Filter>
    </Image>
    <Image Include="assets\resources.png">
      <Filter>Resource Files</Filter>
    </Image>
    <Image Include="assets\space_back.png">
      <Filter>Resource Files</Filter>
    </Image>
    <Image Include="assets\space_bottom.png">
      <Filter>Resource Files</Filter>
    </Image>
    <Image Include="assets\space_front.png">
      <Filter>Resource Files</Filter>
    </Image>
    <Image Include="assets\space_left.png">
      <Filter>Resource Files</Filter>
    </Image>
    <Image Include="assets\space_right.png">
      <Filter>Resource Files</Filter>
    </Image>
    <Image Include="assets\space_top.png">
      <Filter>Resource Files</Filter>
    </Image>
    <Image Include="assets\temperature.png">
      <Filter>Resource Files</Filter>
    </Image>
    <Image Include="assets\tr.png">
      <Filter>Resource Files</Filter>
    </Image>
  </ItemGroup>
</Project>